
Microsoft Visual Studio Solution File, Format Version 12.00
# Visual Studio 14
VisualStudioVersion = 14.0.25420.1
MinimumVisualStudioVersion = 10.0.40219.1
Project("{FAE04EC0-301F-11D3-BF4B-00C04F79EFBC}") = "UVR-Firmware-Utility", "UVR-Firmware-Utility\UVR-Firmware-Utility.csproj", "{03CB52CD-CA26-4BE3-9050-BB8F5BB2BC0D}"
EndProject
Project("{FAE04EC0-301F-11D3-BF4B-00C04F79EFBC}") = "Memory-Parser", "Memory-Parser\Memory-Parser.csproj", "{C4ABD013-356E-46FB-934D-49B69CFC3C00}"
EndProject
Global
	GlobalSection(SolutionConfigurationPlatforms) = preSolution
		Debug|Any CPU = Debug|Any CPU
		Debug|x64 = Debug|x64
		Debug|x86 = Debug|x86
		Release|Any CPU = Release|Any CPU
		Release|x64 = Release|x64
		Release|x86 = Release|x86
	EndGlobalSection
	GlobalSection(ProjectConfigurationPlatforms) = postSolution
		{03CB52CD-CA26-4BE3-9050-BB8F5BB2BC0D}.Debug|Any CPU.ActiveCfg = Debug|Any CPU
		{03CB52CD-CA26-4BE3-9050-BB8F5BB2BC0D}.Debug|Any CPU.Build.0 = Debug|Any CPU
		{03CB52CD-CA26-4BE3-9050-BB8F5BB2BC0D}.Debug|x64.ActiveCfg = Debug|Any CPU
		{03CB52CD-CA26-4BE3-9050-BB8F5BB2BC0D}.Debug|x64.Build.0 = Debug|Any CPU
		{03CB52CD-CA26-4BE3-9050-BB8F5BB2BC0D}.Debug|x86.ActiveCfg = Debug|Any CPU
		{03CB52CD-CA26-4BE3-9050-BB8F5BB2BC0D}.Debug|x86.Build.0 = Debug|Any CPU
		{03CB52CD-CA26-4BE3-9050-BB8F5BB2BC0D}.Release|Any CPU.ActiveCfg = Release|Any CPU
		{03CB52CD-CA26-4BE3-9050-BB8F5BB2BC0D}.Release|Any CPU.Build.0 = Release|Any CPU
		{03CB52CD-CA26-4BE3-9050-BB8F5BB2BC0D}.Release|x64.ActiveCfg = Release|Any CPU
		{03CB52CD-CA26-4BE3-9050-BB8F5BB2BC0D}.Release|x64.Build.0 = Release|Any CPU
		{03CB52CD-CA26-4BE3-9050-BB8F5BB2BC0D}.Release|x86.ActiveCfg = Release|Any CPU
		{03CB52CD-CA26-4BE3-9050-BB8F5BB2BC0D}.Release|x86.Build.0 = Release|Any CPU
		{C4ABD013-356E-46FB-934D-49B69CFC3C00}.Debug|Any CPU.ActiveCfg = Debug|Any CPU
		{C4ABD013-356E-46FB-934D-49B69CFC3C00}.Debug|Any CPU.Build.0 = Debug|Any CPU
		{C4ABD013-356E-46FB-934D-49B69CFC3C00}.Debug|x64.ActiveCfg = Debug|Any CPU
		{C4ABD013-356E-46FB-934D-49B69CFC3C00}.Debug|x64.Build.0 = Debug|Any CPU
		{C4ABD013-356E-46FB-934D-49B69CFC3C00}.Debug|x86.ActiveCfg = Debug|Any CPU
		{C4ABD013-356E-46FB-934D-49B69CFC3C00}.Debug|x86.Build.0 = Debug|Any CPU
		{C4ABD013-356E-46FB-934D-49B69CFC3C00}.Release|Any CPU.ActiveCfg = Release|Any CPU
		{C4ABD013-356E-46FB-934D-49B69CFC3C00}.Release|Any CPU.Build.0 = Release|Any CPU
		{C4ABD013-356E-46FB-934D-49B69CFC3C00}.Release|x64.ActiveCfg = Release|Any CPU
		{C4ABD013-356E-46FB-934D-49B69CFC3C00}.Release|x64.Build.0 = Release|Any CPU
		{C4ABD013-356E-46FB-934D-49B69CFC3C00}.Release|x86.ActiveCfg = Release|Any CPU
		{C4ABD013-356E-46FB-934D-49B69CFC3C00}.Release|x86.Build.0 = Release|Any CPU
	EndGlobalSection
	GlobalSection(SolutionProperties) = preSolution
		HideSolutionNode = FALSE
	EndGlobalSection
EndGlobal
